// !$*UTF8*$!
{
	archiveVersion = 1;
	classes = {
	};
	objectVersion = 77;
	objects = {

/* Begin PBXContainerItemProxy section */
		BE9A9DFC2CC168B7000EBC37 /* PBXContainerItemProxy */ = {
			isa = PBXContainerItemProxy;
			containerPortal = BE9A9DE32CC168B5000EBC37 /* Project object */;
			proxyType = 1;
			remoteGlobalIDString = BE9A9DEA2CC168B5000EBC37;
			remoteInfo = Sled_App;
		};
		BE9A9E062CC168B7000EBC37 /* PBXContainerItemProxy */ = {
			isa = PBXContainerItemProxy;
			containerPortal = BE9A9DE32CC168B5000EBC37 /* Project object */;
			proxyType = 1;
			remoteGlobalIDString = BE9A9DEA2CC168B5000EBC37;
			remoteInfo = Sled_App;
		};
/* End PBXContainerItemProxy section */

/* Begin PBXFileReference section */
		BE9A9DEB2CC168B5000EBC37 /* Sled_App.app */ = {isa = PBXFileReference; explicitFileType = wrapper.application; includeInIndex = 0; path = Sled_App.app; sourceTree = BUILT_PRODUCTS_DIR; };
		BE9A9DFB2CC168B7000EBC37 /* SledTests.xctest */ = {isa = PBXFileReference; explicitFileType = wrapper.cfbundle; includeInIndex = 0; path = SledTests.xctest; sourceTree = BUILT_PRODUCTS_DIR; };
		BE9A9E052CC168B7000EBC37 /* SledUITests.xctest */ = {isa = PBXFileReference; explicitFileType = wrapper.cfbundle; includeInIndex = 0; path = SledUITests.xctest; sourceTree = BUILT_PRODUCTS_DIR; };
/* End PBXFileReference section */

/* Begin PBXFileSystemSynchronizedRootGroup section */
		BE9A9DED2CC168B5000EBC37 /* Sled_App */ = {
			isa = PBXFileSystemSynchronizedRootGroup;
			path = Sled_App;
			sourceTree = "<group>";
		};
		BE9A9DFE2CC168B7000EBC37 /* SledTests */ = {
			isa = PBXFileSystemSynchronizedRootGroup;
			path = SledTests;
			sourceTree = "<group>";
		};
		BE9A9E082CC168B7000EBC37 /* SledUITests */ = {
			isa = PBXFileSystemSynchronizedRootGroup;
			path = SledUITests;
			sourceTree = "<group>";
		};
/* End PBXFileSystemSynchronizedRootGroup section */

/* Begin PBXFrameworksBuildPhase section */
		BE9A9DE82CC168B5000EBC37 /* Frameworks */ = {
			isa = PBXFrameworksBuildPhase;
			buildActionMask = 2147483647;
			files = (
			);
			runOnlyForDeploymentPostprocessing = 0;
		};
		BE9A9DF82CC168B7000EBC37 /* Frameworks */ = {
			isa = PBXFrameworksBuildPhase;
			buildActionMask = 2147483647;
			files = (
			);
			runOnlyForDeploymentPostprocessing = 0;
		};
		BE9A9E022CC168B7000EBC37 /* Frameworks */ = {
			isa = PBXFrameworksBuildPhase;
			buildActionMask = 2147483647;
			files = (
			);
			runOnlyForDeploymentPostprocessing = 0;
		};
/* End PBXFrameworksBuildPhase section */

/* Begin PBXGroup section */
		BE9A9DE22CC168B5000EBC37 = {
			isa = PBXGroup;
			children = (
				BE9A9DED2CC168B5000EBC37 /* Sled_App */,
				BE9A9DFE2CC168B7000EBC37 /* SledTests */,
				BE9A9E082CC168B7000EBC37 /* SledUITests */,
				BE9A9DEC2CC168B5000EBC37 /* Products */,
			);
			sourceTree = "<group>";
		};
		BE9A9DEC2CC168B5000EBC37 /* Products */ = {
			isa = PBXGroup;
			children = (
				BE9A9DEB2CC168B5000EBC37 /* Sled_App.app */,
				BE9A9DFB2CC168B7000EBC37 /* SledTests.xctest */,
				BE9A9E052CC168B7000EBC37 /* SledUITests.xctest */,
			);
			name = Products;
			sourceTree = "<group>";
		};
/* End PBXGroup section */

/* Begin PBXNativeTarget section */
		BE9A9DEA2CC168B5000EBC37 /* Sled_App */ = {
			isa = PBXNativeTarget;
			buildConfigurationList = BE9A9E0F2CC168B7000EBC37 /* Build configuration list for PBXNativeTarget "Sled_App" */;
			buildPhases = (
				BE9A9DE72CC168B5000EBC37 /* Sources */,
				BE9A9DE82CC168B5000EBC37 /* Frameworks */,
				BE9A9DE92CC168B5000EBC37 /* Resources */,
			);
			buildRules = (
			);
			dependencies = (
			);
			fileSystemSynchronizedGroups = (
				BE9A9DED2CC168B5000EBC37 /* Sled_App */,
			);
			name = Sled_App;
			packageProductDependencies = (
			);
			productName = Sled_App;
			productReference = BE9A9DEB2CC168B5000EBC37 /* Sled_App.app */;
			productType = "com.apple.product-type.application";
		};
		BE9A9DFA2CC168B7000EBC37 /* SledTests */ = {
			isa = PBXNativeTarget;
			buildConfigurationList = BE9A9E122CC168B7000EBC37 /* Build configuration list for PBXNativeTarget "SledTests" */;
			buildPhases = (
				BE9A9DF72CC168B7000EBC37 /* Sources */,
				BE9A9DF82CC168B7000EBC37 /* Frameworks */,
				BE9A9DF92CC168B7000EBC37 /* Resources */,
			);
			buildRules = (
			);
			dependencies = (
				BE9A9DFD2CC168B7000EBC37 /* PBXTargetDependency */,
			);
			fileSystemSynchronizedGroups = (
				BE9A9DFE2CC168B7000EBC37 /* SledTests */,
			);
			name = SledTests;
			packageProductDependencies = (
			);
			productName = SledTests;
			productReference = BE9A9DFB2CC168B7000EBC37 /* SledTests.xctest */;
			productType = "com.apple.product-type.bundle.unit-test";
		};
		BE9A9E042CC168B7000EBC37 /* SledUITests */ = {
			isa = PBXNativeTarget;
			buildConfigurationList = BE9A9E152CC168B7000EBC37 /* Build configuration list for PBXNativeTarget "SledUITests" */;
			buildPhases = (
				BE9A9E012CC168B7000EBC37 /* Sources */,
				BE9A9E022CC168B7000EBC37 /* Frameworks */,
				BE9A9E032CC168B7000EBC37 /* Resources */,
			);
			buildRules = (
			);
			dependencies = (
				BE9A9E072CC168B7000EBC37 /* PBXTargetDependency */,
			);
			fileSystemSynchronizedGroups = (
				BE9A9E082CC168B7000EBC37 /* SledUITests */,
			);
			name = SledUITests;
			packageProductDependencies = (
			);
			productName = SledUITests;
			productReference = BE9A9E052CC168B7000EBC37 /* SledUITests.xctest */;
			productType = "com.apple.product-type.bundle.ui-testing";
		};
/* End PBXNativeTarget section */

/* Begin PBXProject section */
		BE9A9DE32CC168B5000EBC37 /* Project object */ = {
			isa = PBXProject;
			attributes = {
				BuildIndependentTargetsInParallel = 1;
				LastSwiftUpdateCheck = 1600;
				LastUpgradeCheck = 1610;
				TargetAttributes = {
					BE9A9DEA2CC168B5000EBC37 = {
						CreatedOnToolsVersion = 16.0;
					};
					BE9A9DFA2CC168B7000EBC37 = {
						CreatedOnToolsVersion = 16.0;
						TestTargetID = BE9A9DEA2CC168B5000EBC37;
					};
					BE9A9E042CC168B7000EBC37 = {
						CreatedOnToolsVersion = 16.0;
						TestTargetID = BE9A9DEA2CC168B5000EBC37;
					};
				};
			};
			buildConfigurationList = BE9A9DE62CC168B5000EBC37 /* Build configuration list for PBXProject "Sled" */;
			developmentRegion = en;
			hasScannedForEncodings = 0;
			knownRegions = (
				en,
				Base,
			);
			mainGroup = BE9A9DE22CC168B5000EBC37;
			minimizedProjectReferenceProxies = 1;
			preferredProjectObjectVersion = 77;
			productRefGroup = BE9A9DEC2CC168B5000EBC37 /* Products */;
			projectDirPath = "";
			projectRoot = "";
			targets = (
				BE9A9DEA2CC168B5000EBC37 /* Sled_App */,
				BE9A9DFA2CC168B7000EBC37 /* SledTests */,
				BE9A9E042CC168B7000EBC37 /* SledUITests */,
			);
		};
/* End PBXProject section */

/* Begin PBXResourcesBuildPhase section */
		BE9A9DE92CC168B5000EBC37 /* Resources */ = {
			isa = PBXResourcesBuildPhase;
			buildActionMask = 2147483647;
			files = (
			);
			runOnlyForDeploymentPostprocessing = 0;
		};
		BE9A9DF92CC168B7000EBC37 /* Resources */ = {
			isa = PBXResourcesBuildPhase;
			buildActionMask = 2147483647;
			files = (
			);
			runOnlyForDeploymentPostprocessing = 0;
		};
		BE9A9E032CC168B7000EBC37 /* Resources */ = {
			isa = PBXResourcesBuildPhase;
			buildActionMask = 2147483647;
			files = (
			);
			runOnlyForDeploymentPostprocessing = 0;
		};
/* End PBXResourcesBuildPhase section */

/* Begin PBXSourcesBuildPhase section */
		BE9A9DE72CC168B5000EBC37 /* Sources */ = {
			isa = PBXSourcesBuildPhase;
			buildActionMask = 2147483647;
			files = (
			);
			runOnlyForDeploymentPostprocessing = 0;
		};
		BE9A9DF72CC168B7000EBC37 /* Sources */ = {
			isa = PBXSourcesBuildPhase;
			buildActionMask = 2147483647;
			files = (
			);
			runOnlyForDeploymentPostprocessing = 0;
		};
		BE9A9E012CC168B7000EBC37 /* Sources */ = {
			isa = PBXSourcesBuildPhase;
			buildActionMask = 2147483647;
			files = (
			);
			runOnlyForDeploymentPostprocessing = 0;
		};
/* End PBXSourcesBuildPhase section */

/* Begin PBXTargetDependency section */
		BE9A9DFD2CC168B7000EBC37 /* PBXTargetDependency */ = {
			isa = PBXTargetDependency;
			target = BE9A9DEA2CC168B5000EBC37 /* Sled_App */;
			targetProxy = BE9A9DFC2CC168B7000EBC37 /* PBXContainerItemProxy */;
		};
		BE9A9E072CC168B7000EBC37 /* PBXTargetDependency */ = {
			isa = PBXTargetDependency;
			target = BE9A9DEA2CC168B5000EBC37 /* Sled_App */;
			targetProxy = BE9A9E062CC168B7000EBC37 /* PBXContainerItemProxy */;
		};
/* End PBXTargetDependency section */

/* Begin XCBuildConfiguration section */
		BE9A9E0D2CC168B7000EBC37 /* Debug */ = {
			isa = XCBuildConfiguration;
			buildSettings = {
				ALWAYS_SEARCH_USER_PATHS = NO;
				ASSETCATALOG_COMPILER_GENERATE_SWIFT_ASSET_SYMBOL_EXTENSIONS = YES;
				CLANG_ANALYZER_NONNULL = YES;
				CLANG_ANALYZER_NUMBER_OBJECT_CONVERSION = YES_AGGRESSIVE;
				CLANG_CXX_LANGUAGE_STANDARD = "gnu++20";
				CLANG_ENABLE_MODULES = YES;
				CLANG_ENABLE_OBJC_ARC = YES;
				CLANG_ENABLE_OBJC_WEAK = YES;
				CLANG_WARN_BLOCK_CAPTURE_AUTORELEASING = YES;
				CLANG_WARN_BOOL_CONVERSION = YES;
				CLANG_WARN_COMMA = YES;
				CLANG_WARN_CONSTANT_CONVERSION = YES;
				CLANG_WARN_DEPRECATED_OBJC_IMPLEMENTATIONS = YES;
				CLANG_WARN_DIRECT_OBJC_ISA_USAGE = YES_ERROR;
				CLANG_WARN_DOCUMENTATION_COMMENTS = YES;
				CLANG_WARN_EMPTY_BODY = YES;
				CLANG_WARN_ENUM_CONVERSION = YES;
				CLANG_WARN_INFINITE_RECURSION = YES;
				CLANG_WARN_INT_CONVERSION = YES;
				CLANG_WARN_NON_LITERAL_NULL_CONVERSION = YES;
				CLANG_WARN_OBJC_IMPLICIT_RETAIN_SELF = YES;
				CLANG_WARN_OBJC_LITERAL_CONVERSION = YES;
				CLANG_WARN_OBJC_ROOT_CLASS = YES_ERROR;
				CLANG_WARN_QUOTED_INCLUDE_IN_FRAMEWORK_HEADER = YES;
				CLANG_WARN_RANGE_LOOP_ANALYSIS = YES;
				CLANG_WARN_STRICT_PROTOTYPES = YES;
				CLANG_WARN_SUSPICIOUS_MOVE = YES;
				CLANG_WARN_UNGUARDED_AVAILABILITY = YES_AGGRESSIVE;
				CLANG_WARN_UNREACHABLE_CODE = YES;
				CLANG_WARN__DUPLICATE_METHOD_MATCH = YES;
				COPY_PHASE_STRIP = NO;
				DEBUG_INFORMATION_FORMAT = dwarf;
				ENABLE_STRICT_OBJC_MSGSEND = YES;
				ENABLE_TESTABILITY = YES;
				ENABLE_USER_SCRIPT_SANDBOXING = YES;
				GCC_C_LANGUAGE_STANDARD = gnu17;
				GCC_DYNAMIC_NO_PIC = NO;
				GCC_NO_COMMON_BLOCKS = YES;
				GCC_OPTIMIZATION_LEVEL = 0;
				GCC_PREPROCESSOR_DEFINITIONS = (
					"DEBUG=1",
					"$(inherited)",
				);
				GCC_WARN_64_TO_32_BIT_CONVERSION = YES;
				GCC_WARN_ABOUT_RETURN_TYPE = YES_ERROR;
				GCC_WARN_UNDECLARED_SELECTOR = YES;
				GCC_WARN_UNINITIALIZED_AUTOS = YES_AGGRESSIVE;
				GCC_WARN_UNUSED_FUNCTION = YES;
				GCC_WARN_UNUSED_VARIABLE = YES;
				IPHONEOS_DEPLOYMENT_TARGET = 18.0;
				LOCALIZATION_PREFERS_STRING_CATALOGS = YES;
				MTL_ENABLE_DEBUG_INFO = INCLUDE_SOURCE;
				MTL_FAST_MATH = YES;
				ONLY_ACTIVE_ARCH = YES;
				SDKROOT = iphoneos;
				SWIFT_ACTIVE_COMPILATION_CONDITIONS = "DEBUG $(inherited)";
				SWIFT_OPTIMIZATION_LEVEL = "-Onone";
			};
			name = Debug;
		};
		BE9A9E0E2CC168B7000EBC37 /* Release */ = {
			isa = XCBuildConfiguration;
			buildSettings = {
				ALWAYS_SEARCH_USER_PATHS = NO;
				ASSETCATALOG_COMPILER_GENERATE_SWIFT_ASSET_SYMBOL_EXTENSIONS = YES;
				CLANG_ANALYZER_NONNULL = YES;
				CLANG_ANALYZER_NUMBER_OBJECT_CONVERSION = YES_AGGRESSIVE;
				CLANG_CXX_LANGUAGE_STANDARD = "gnu++20";
				CLANG_ENABLE_MODULES = YES;
				CLANG_ENABLE_OBJC_ARC = YES;
				CLANG_ENABLE_OBJC_WEAK = YES;
				CLANG_WARN_BLOCK_CAPTURE_AUTORELEASING = YES;
				CLANG_WARN_BOOL_CONVERSION = YES;
				CLANG_WARN_COMMA = YES;
				CLANG_WARN_CONSTANT_CONVERSION = YES;
				CLANG_WARN_DEPRECATED_OBJC_IMPLEMENTATIONS = YES;
				CLANG_WARN_DIRECT_OBJC_ISA_USAGE = YES_ERROR;
				CLANG_WARN_DOCUMENTATION_COMMENTS = YES;
				CLANG_WARN_EMPTY_BODY = YES;
				CLANG_WARN_ENUM_CONVERSION = YES;
				CLANG_WARN_INFINITE_RECURSION = YES;
				CLANG_WARN_INT_CONVERSION = YES;
				CLANG_WARN_NON_LITERAL_NULL_CONVERSION = YES;
				CLANG_WARN_OBJC_IMPLICIT_RETAIN_SELF = YES;
				CLANG_WARN_OBJC_LITERAL_CONVERSION = YES;
				CLANG_WARN_OBJC_ROOT_CLASS = YES_ERROR;
				CLANG_WARN_QUOTED_INCLUDE_IN_FRAMEWORK_HEADER = YES;
				CLANG_WARN_RANGE_LOOP_ANALYSIS = YES;
				CLANG_WARN_STRICT_PROTOTYPES = YES;
				CLANG_WARN_SUSPICIOUS_MOVE = YES;
				CLANG_WARN_UNGUARDED_AVAILABILITY = YES_AGGRESSIVE;
				CLANG_WARN_UNREACHABLE_CODE = YES;
				CLANG_WARN__DUPLICATE_METHOD_MATCH = YES;
				COPY_PHASE_STRIP = NO;
				DEBUG_INFORMATION_FORMAT = "dwarf-with-dsym";
				ENABLE_NS_ASSERTIONS = NO;
				ENABLE_STRICT_OBJC_MSGSEND = YES;
				ENABLE_USER_SCRIPT_SANDBOXING = YES;
				GCC_C_LANGUAGE_STANDARD = gnu17;
				GCC_NO_COMMON_BLOCKS = YES;
				GCC_WARN_64_TO_32_BIT_CONVERSION = YES;
				GCC_WARN_ABOUT_RETURN_TYPE = YES_ERROR;
				GCC_WARN_UNDECLARED_SELECTOR = YES;
				GCC_WARN_UNINITIALIZED_AUTOS = YES_AGGRESSIVE;
				GCC_WARN_UNUSED_FUNCTION = YES;
				GCC_WARN_UNUSED_VARIABLE = YES;
				IPHONEOS_DEPLOYMENT_TARGET = 18.0;
				LOCALIZATION_PREFERS_STRING_CATALOGS = YES;
				MTL_ENABLE_DEBUG_INFO = NO;
				MTL_FAST_MATH = YES;
				SDKROOT = iphoneos;
				SWIFT_OPTIMIZATION_LEVEL = "-Onone";
				VALIDATE_PRODUCT = YES;
			};
			name = Release;
		};
		BE9A9E102CC168B7000EBC37 /* Debug */ = {
			isa = XCBuildConfiguration;
			buildSettings = {
				ASSETCATALOG_COMPILER_APPICON_NAME = AppIcon;
				ASSETCATALOG_COMPILER_GLOBAL_ACCENT_COLOR_NAME = AccentColor;
				CODE_SIGN_STYLE = Automatic;
				CURRENT_PROJECT_VERSION = 1;
				DEVELOPMENT_ASSET_PATHS = "\"Sled_App/Preview Content\"";
				DEVELOPMENT_TEAM = B74Y7B5GNU;
				ENABLE_PREVIEWS = YES;
				GENERATE_INFOPLIST_FILE = YES;
				INFOPLIST_KEY_CFBundleDisplayName = Sled;
				INFOPLIST_KEY_LSApplicationCategoryType = "";
				INFOPLIST_KEY_NSLocationWhenInUseUsageDescription = "Show the user location.";
				INFOPLIST_KEY_UIApplicationSceneManifest_Generation = YES;
				INFOPLIST_KEY_UIApplicationSupportsIndirectInputEvents = YES;
				INFOPLIST_KEY_UILaunchScreen_Generation = YES;
				INFOPLIST_KEY_UISupportedInterfaceOrientations_iPad = "UIInterfaceOrientationPortrait UIInterfaceOrientationPortraitUpsideDown UIInterfaceOrientationLandscapeLeft UIInterfaceOrientationLandscapeRight";
				INFOPLIST_KEY_UISupportedInterfaceOrientations_iPhone = "UIInterfaceOrientationPortrait UIInterfaceOrientationLandscapeLeft UIInterfaceOrientationLandscapeRight";
				LD_RUNPATH_SEARCH_PATHS = (
					"$(inherited)",
					"@executable_path/Frameworks",
				);
				MARKETING_VERSION = 1.0;
				PRODUCT_BUNDLE_IDENTIFIER = Sled.SledApp;
				PRODUCT_NAME = "$(TARGET_NAME)";
				SWIFT_EMIT_LOC_STRINGS = YES;
				SWIFT_VERSION = 5.0;
				TARGETED_DEVICE_FAMILY = "1,2";
			};
			name = Debug;
		};
		BE9A9E112CC168B7000EBC37 /* Release */ = {
			isa = XCBuildConfiguration;
			buildSettings = {
				ASSETCATALOG_COMPILER_APPICON_NAME = AppIcon;
				ASSETCATALOG_COMPILER_GLOBAL_ACCENT_COLOR_NAME = AccentColor;
				CODE_SIGN_STYLE = Automatic;
				CURRENT_PROJECT_VERSION = 1;
				DEVELOPMENT_ASSET_PATHS = "\"Sled_App/Preview Content\"";
				DEVELOPMENT_TEAM = B74Y7B5GNU;
				ENABLE_PREVIEWS = YES;
				GENERATE_INFOPLIST_FILE = YES;
				INFOPLIST_KEY_CFBundleDisplayName = Sled;
				INFOPLIST_KEY_LSApplicationCategoryType = "";
				INFOPLIST_KEY_NSLocationWhenInUseUsageDescription = "Show the user location.";
				INFOPLIST_KEY_UIApplicationSceneManifest_Generation = YES;
				INFOPLIST_KEY_UIApplicationSupportsIndirectInputEvents = YES;
				INFOPLIST_KEY_UILaunchScreen_Generation = YES;
				INFOPLIST_KEY_UISupportedInterfaceOrientations_iPad = "UIInterfaceOrientationPortrait UIInterfaceOrientationPortraitUpsideDown UIInterfaceOrientationLandscapeLeft UIInterfaceOrientationLandscapeRight";
				INFOPLIST_KEY_UISupportedInterfaceOrientations_iPhone = "UIInterfaceOrientationPortrait UIInterfaceOrientationLandscapeLeft UIInterfaceOrientationLandscapeRight";
				LD_RUNPATH_SEARCH_PATHS = (
					"$(inherited)",
					"@executable_path/Frameworks",
				);
				MARKETING_VERSION = 1.0;
				PRODUCT_BUNDLE_IDENTIFIER = Sled.SledApp;
				PRODUCT_NAME = "$(TARGET_NAME)";
				SWIFT_EMIT_LOC_STRINGS = YES;
				SWIFT_VERSION = 5.0;
				TARGETED_DEVICE_FAMILY = "1,2";
			};
			name = Release;
		};
		BE9A9E132CC168B7000EBC37 /* Debug */ = {
			isa = XCBuildConfiguration;
			buildSettings = {
				BUNDLE_LOADER = "$(TEST_HOST)";
				CODE_SIGN_STYLE = Automatic;
				CURRENT_PROJECT_VERSION = 1;
				GENERATE_INFOPLIST_FILE = YES;
				IPHONEOS_DEPLOYMENT_TARGET = 18.0;
				MARKETING_VERSION = 1.0;
				PRODUCT_BUNDLE_IDENTIFIER = Rdly.SledTests;
				PRODUCT_NAME = "$(TARGET_NAME)";
				SWIFT_EMIT_LOC_STRINGS = NO;
				SWIFT_VERSION = 5.0;
				TARGETED_DEVICE_FAMILY = "1,2";
				TEST_HOST = "$(BUILT_PRODUCTS_DIR)/Sled_App.app/$(BUNDLE_EXECUTABLE_FOLDER_PATH)/Sled_App";
			};
			name = Debug;
		};
		BE9A9E142CC168B7000EBC37 /* Release */ = {
			isa = XCBuildConfiguration;
			buildSettings = {
				BUNDLE_LOADER = "$(TEST_HOST)";
				CODE_SIGN_STYLE = Automatic;
				CURRENT_PROJECT_VERSION = 1;
				GENERATE_INFOPLIST_FILE = YES;
				IPHONEOS_DEPLOYMENT_TARGET = 18.0;
				MARKETING_VERSION = 1.0;
				PRODUCT_BUNDLE_IDENTIFIER = Rdly.SledTests;
				PRODUCT_NAME = "$(TARGET_NAME)";
				SWIFT_EMIT_LOC_STRINGS = NO;
				SWIFT_VERSION = 5.0;
				TARGETED_DEVICE_FAMILY = "1,2";
				TEST_HOST = "$(BUILT_PRODUCTS_DIR)/Sled_App.app/$(BUNDLE_EXECUTABLE_FOLDER_PATH)/Sled_App";
			};
			name = Release;
		};
		BE9A9E162CC168B7000EBC37 /* Debug */ = {
			isa = XCBuildConfiguration;
			buildSettings = {
				CODE_SIGN_STYLE = Automatic;
				CURRENT_PROJECT_VERSION = 1;
				GENERATE_INFOPLIST_FILE = YES;
				MARKETING_VERSION = 1.0;
				PRODUCT_BUNDLE_IDENTIFIER = Rdly.SledUITests;
				PRODUCT_NAME = "$(TARGET_NAME)";
				SWIFT_EMIT_LOC_STRINGS = NO;
				SWIFT_VERSION = 5.0;
				TARGETED_DEVICE_FAMILY = "1,2";
				TEST_TARGET_NAME = Sled_App;
			};
			name = Debug;
		};
		BE9A9E172CC168B7000EBC37 /* Release */ = {
			isa = XCBuildConfiguration;
			buildSettings = {
				CODE_SIGN_STYLE = Automatic;
				CURRENT_PROJECT_VERSION = 1;
				GENERATE_INFOPLIST_FILE = YES;
				MARKETING_VERSION = 1.0;
				PRODUCT_BUNDLE_IDENTIFIER = Rdly.SledUITests;
				PRODUCT_NAME = "$(TARGET_NAME)";
				SWIFT_EMIT_LOC_STRINGS = NO;
				SWIFT_VERSION = 5.0;
				TARGETED_DEVICE_FAMILY = "1,2";
				TEST_TARGET_NAME = Sled_App;
			};
			name = Release;
		};
/* End XCBuildConfiguration section */

/* Begin XCConfigurationList section */
		BE9A9DE62CC168B5000EBC37 /* Build configuration list for PBXProject "Sled" */ = {
			isa = XCConfigurationList;
			buildConfigurations = (
				BE9A9E0D2CC168B7000EBC37 /* Debug */,
				BE9A9E0E2CC168B7000EBC37 /* Release */,
			);
			defaultConfigurationIsVisible = 0;
			defaultConfigurationName = Release;
		};
		BE9A9E0F2CC168B7000EBC37 /* Build configuration list for PBXNativeTarget "Sled_App" */ = {
			isa = XCConfigurationList;
			buildConfigurations = (
				BE9A9E102CC168B7000EBC37 /* Debug */,
				BE9A9E112CC168B7000EBC37 /* Release */,
			);
			defaultConfigurationIsVisible = 0;
			defaultConfigurationName = Release;
		};
		BE9A9E122CC168B7000EBC37 /* Build configuration list for PBXNativeTarget "SledTests" */ = {
			isa = XCConfigurationList;
			buildConfigurations = (
				BE9A9E132CC168B7000EBC37 /* Debug */,
				BE9A9E142CC168B7000EBC37 /* Release */,
			);
			defaultConfigurationIsVisible = 0;
			defaultConfigurationName = Release;
		};
		BE9A9E152CC168B7000EBC37 /* Build configuration list for PBXNativeTarget "SledUITests" */ = {
			isa = XCConfigurationList;
			buildConfigurations = (
				BE9A9E162CC168B7000EBC37 /* Debug */,
				BE9A9E172CC168B7000EBC37 /* Release */,
			);
			defaultConfigurationIsVisible = 0;
			defaultConfigurationName = Release;
		};
/* End XCConfigurationList section */
	};
	rootObject = BE9A9DE32CC168B5000EBC37 /* Project object */;
}
